// !$*UTF8*$!
{
	archiveVersion = 1;
	classes = {
	};
	objectVersion = 46;
	objects = {

/* Begin PBXBuildFile section */
		049EF6601B3A9BA600282FD0 /* main.m in Sources */ = {isa = PBXBuildFile; fileRef = 049EF65F1B3A9BA600282FD0 /* main.m */; };
		049EF6631B3A9BA600282FD0 /* AppDelegate.m in Sources */ = {isa = PBXBuildFile; fileRef = 049EF6621B3A9BA600282FD0 /* AppDelegate.m */; };
		049EF6661B3A9BA600282FD0 /* ViewController.m in Sources */ = {isa = PBXBuildFile; fileRef = 049EF6651B3A9BA600282FD0 /* ViewController.m */; };
		049EF6691B3A9BA600282FD0 /* Main.storyboard in Resources */ = {isa = PBXBuildFile; fileRef = 049EF6671B3A9BA600282FD0 /* Main.storyboard */; };
		049EF66B1B3A9BA600282FD0 /* Images.xcassets in Resources */ = {isa = PBXBuildFile; fileRef = 049EF66A1B3A9BA600282FD0 /* Images.xcassets */; };
		049EF66E1B3A9BA600282FD0 /* LaunchScreen.xib in Resources */ = {isa = PBXBuildFile; fileRef = 049EF66C1B3A9BA600282FD0 /* LaunchScreen.xib */; };
		049EF67A1B3A9BA600282FD0 /* app2Tests.m in Sources */ = {isa = PBXBuildFile; fileRef = 049EF6791B3A9BA600282FD0 /* app2Tests.m */; };
/* End PBXBuildFile section */

/* Begin PBXContainerItemProxy section */
		049EF6741B3A9BA600282FD0 /* PBXContainerItemProxy */ = {
			isa = PBXContainerItemProxy;
			containerPortal = 049EF6521B3A9BA600282FD0 /* Project object */;
			proxyType = 1;
			remoteGlobalIDString = 049EF6591B3A9BA600282FD0;
			remoteInfo = app2;
		};
/* End PBXContainerItemProxy section */

/* Begin PBXFileReference section */
		049EF65A1B3A9BA600282FD0 /* app2.app */ = {isa = PBXFileReference; explicitFileType = wrapper.application; includeInIndex = 0; path = app2.app; sourceTree = BUILT_PRODUCTS_DIR; };
		049EF65E1B3A9BA600282FD0 /* Info.plist */ = {isa = PBXFileReference; lastKnownFileType = text.plist.xml; path = Info.plist; sourceTree = "<group>"; };
		049EF65F1B3A9BA600282FD0 /* main.m */ = {isa = PBXFileReference; lastKnownFileType = sourcecode.c.objc; path = main.m; sourceTree = "<group>"; };
		049EF6611B3A9BA600282FD0 /* AppDelegate.h */ = {isa = PBXFileReference; lastKnownFileType = sourcecode.c.h; path = AppDelegate.h; sourceTree = "<group>"; };
		049EF6621B3A9BA600282FD0 /* AppDelegate.m */ = {isa = PBXFileReference; lastKnownFileType = sourcecode.c.objc; path = AppDelegate.m; sourceTree = "<group>"; };
		049EF6641B3A9BA600282FD0 /* ViewController.h */ = {isa = PBXFileReference; lastKnownFileType = sourcecode.c.h; path = ViewController.h; sourceTree = "<group>"; };
		049EF6651B3A9BA600282FD0 /* ViewController.m */ = {isa = PBXFileReference; lastKnownFileType = sourcecode.c.objc; path = ViewController.m; sourceTree = "<group>"; };
		049EF6681B3A9BA600282FD0 /* Base */ = {isa = PBXFileReference; lastKnownFileType = file.storyboard; name = Base; path = Base.lproj/Main.storyboard; sourceTree = "<group>"; };
		049EF66A1B3A9BA600282FD0 /* Images.xcassets */ = {isa = PBXFileReference; lastKnownFileType = folder.assetcatalog; path = Images.xcassets; sourceTree = "<group>"; };
		049EF66D1B3A9BA600282FD0 /* Base */ = {isa = PBXFileReference; lastKnownFileType = file.xib; name = Base; path = Base.lproj/LaunchScreen.xib; sourceTree = "<group>"; };
		049EF6731B3A9BA600282FD0 /* app2Tests.xctest */ = {isa = PBXFileReference; explicitFileType = wrapper.cfbundle; includeInIndex = 0; path = app2Tests.xctest; sourceTree = BUILT_PRODUCTS_DIR; };
		049EF6781B3A9BA600282FD0 /* Info.plist */ = {isa = PBXFileReference; lastKnownFileType = text.plist.xml; path = Info.plist; sourceTree = "<group>"; };
		049EF6791B3A9BA600282FD0 /* app2Tests.m */ = {isa = PBXFileReference; lastKnownFileType = sourcecode.c.objc; path = app2Tests.m; sourceTree = "<group>"; };
/* End PBXFileReference section */

/* Begin PBXFrameworksBuildPhase section */
		049EF6571B3A9BA600282FD0 /* Frameworks */ = {
			isa = PBXFrameworksBuildPhase;
			buildActionMask = 2147483647;
			files = (
			);
			runOnlyForDeploymentPostprocessing = 0;
		};
		049EF6701B3A9BA600282FD0 /* Frameworks */ = {
			isa = PBXFrameworksBuildPhase;
			buildActionMask = 2147483647;
			files = (
			);
			runOnlyForDeploymentPostprocessing = 0;
		};
/* End PBXFrameworksBuildPhase section */

/* Begin PBXGroup section */
		049EF6511B3A9BA600282FD0 = {
			isa = PBXGroup;
			children = (
				049EF65C1B3A9BA600282FD0 /* app2 */,
				049EF6761B3A9BA600282FD0 /* app2Tests */,
				049EF65B1B3A9BA600282FD0 /* Products */,
			);
			sourceTree = "<group>";
		};
		049EF65B1B3A9BA600282FD0 /* Products */ = {
			isa = PBXGroup;
			children = (
				049EF65A1B3A9BA600282FD0 /* app2.app */,
				049EF6731B3A9BA600282FD0 /* app2Tests.xctest */,
			);
			name = Products;
			sourceTree = "<group>";
		};
		049EF65C1B3A9BA600282FD0 /* app2 */ = {
			isa = PBXGroup;
			children = (
				049EF6611B3A9BA600282FD0 /* AppDelegate.h */,
				049EF6621B3A9BA600282FD0 /* AppDelegate.m */,
				049EF6641B3A9BA600282FD0 /* ViewController.h */,
				049EF6651B3A9BA600282FD0 /* ViewController.m */,
				049EF6671B3A9BA600282FD0 /* Main.storyboard */,
				049EF66A1B3A9BA600282FD0 /* Images.xcassets */,
				049EF66C1B3A9BA600282FD0 /* LaunchScreen.xib */,
				049EF65D1B3A9BA600282FD0 /* Supporting Files */,
			);
			path = app2;
			sourceTree = "<group>";
		};
		049EF65D1B3A9BA600282FD0 /* Supporting Files */ = {
			isa = PBXGroup;
			children = (
				049EF65E1B3A9BA600282FD0 /* Info.plist */,
				049EF65F1B3A9BA600282FD0 /* main.m */,
			);
			name = "Supporting Files";
			sourceTree = "<group>";
		};
		049EF6761B3A9BA600282FD0 /* app2Tests */ = {
			isa = PBXGroup;
			children = (
				049EF6791B3A9BA600282FD0 /* app2Tests.m */,
				049EF6771B3A9BA600282FD0 /* Supporting Files */,
			);
			path = app2Tests;
			sourceTree = "<group>";
		};
		049EF6771B3A9BA600282FD0 /* Supporting Files */ = {
			isa = PBXGroup;
			children = (
				049EF6781B3A9BA600282FD0 /* Info.plist */,
			);
			name = "Supporting Files";
			sourceTree = "<group>";
		};
/* End PBXGroup section */

/* Begin PBXNativeTarget section */
		049EF6591B3A9BA600282FD0 /* app2 */ = {
			isa = PBXNativeTarget;
			buildConfigurationList = 049EF67D1B3A9BA600282FD0 /* Build configuration list for PBXNativeTarget "app2" */;
			buildPhases = (
				049EF6561B3A9BA600282FD0 /* Sources */,
				049EF6571B3A9BA600282FD0 /* Frameworks */,
				049EF6581B3A9BA600282FD0 /* Resources */,
			);
			buildRules = (
			);
			dependencies = (
			);
			name = app2;
			productName = app2;
			productReference = 049EF65A1B3A9BA600282FD0 /* app2.app */;
			productType = "com.apple.product-type.application";
		};
		049EF6721B3A9BA600282FD0 /* app2Tests */ = {
			isa = PBXNativeTarget;
			buildConfigurationList = 049EF6801B3A9BA600282FD0 /* Build configuration list for PBXNativeTarget "app2Tests" */;
			buildPhases = (
				049EF66F1B3A9BA600282FD0 /* Sources */,
				049EF6701B3A9BA600282FD0 /* Frameworks */,
				049EF6711B3A9BA600282FD0 /* Resources */,
			);
			buildRules = (
			);
			dependencies = (
				049EF6751B3A9BA600282FD0 /* PBXTargetDependency */,
			);
			name = app2Tests;
			productName = app2Tests;
			productReference = 049EF6731B3A9BA600282FD0 /* app2Tests.xctest */;
			productType = "com.apple.product-type.bundle.unit-test";
		};
/* End PBXNativeTarget section */

/* Begin PBXProject section */
		049EF6521B3A9BA600282FD0 /* Project object */ = {
			isa = PBXProject;
			attributes = {
				LastUpgradeCheck = 0630;
				ORGANIZATIONNAME = Jack;
				TargetAttributes = {
					049EF6591B3A9BA600282FD0 = {
						CreatedOnToolsVersion = 6.3.1;
					};
					049EF6721B3A9BA600282FD0 = {
						CreatedOnToolsVersion = 6.3.1;
						TestTargetID = 049EF6591B3A9BA600282FD0;
					};
				};
			};
			buildConfigurationList = 049EF6551B3A9BA600282FD0 /* Build configuration list for PBXProject "app2" */;
			compatibilityVersion = "Xcode 3.2";
			developmentRegion = English;
			hasScannedForEncodings = 0;
			knownRegions = (
				en,
				Base,
			);
			mainGroup = 049EF6511B3A9BA600282FD0;
			productRefGroup = 049EF65B1B3A9BA600282FD0 /* Products */;
			projectDirPath = "";
			projectRoot = "";
			targets = (
				049EF6591B3A9BA600282FD0 /* app2 */,
				049EF6721B3A9BA600282FD0 /* app2Tests */,
			);
		};
/* End PBXProject section */

/* Begin PBXResourcesBuildPhase section */
		049EF6581B3A9BA600282FD0 /* Resources */ = {
			isa = PBXResourcesBuildPhase;
			buildActionMask = 2147483647;
			files = (
				049EF6691B3A9BA600282FD0 /* Main.storyboard in Resources */,
				049EF66E1B3A9BA600282FD0 /* LaunchScreen.xib in Resources */,
				049EF66B1B3A9BA600282FD0 /* Images.xcassets in Resources */,
			);
			runOnlyForDeploymentPostprocessing = 0;
		};
		049EF6711B3A9BA600282FD0 /* Resources */ = {
			isa = PBXResourcesBuildPhase;
			buildActionMask = 2147483647;
			files = (
			);
			runOnlyForDeploymentPostprocessing = 0;
		};
/* End PBXResourcesBuildPhase section */

/* Begin PBXSourcesBuildPhase section */
		049EF6561B3A9BA600282FD0 /* Sources */ = {
			isa = PBXSourcesBuildPhase;
			buildActionMask = 2147483647;
			files = (
				049EF6661B3A9BA600282FD0 /* ViewController.m in Sources */,
				049EF6631B3A9BA600282FD0 /* AppDelegate.m in Sources */,
				049EF6601B3A9BA600282FD0 /* main.m in Sources */,
			);
			runOnlyForDeploymentPostprocessing = 0;
		};
		049EF66F1B3A9BA600282FD0 /* Sources */ = {
			isa = PBXSourcesBuildPhase;
			buildActionMask = 2147483647;
			files = (
				049EF67A1B3A9BA600282FD0 /* app2Tests.m in Sources */,
			);
			runOnlyForDeploymentPostprocessing = 0;
		};
/* End PBXSourcesBuildPhase section */

/* Begin PBXTargetDependency section */
		049EF6751B3A9BA600282FD0 /* PBXTargetDependency */ = {
			isa = PBXTargetDependency;
			target = 049EF6591B3A9BA600282FD0 /* app2 */;
			targetProxy = 049EF6741B3A9BA600282FD0 /* PBXContainerItemProxy */;
		};
/* End PBXTargetDependency section */

/* Begin PBXVariantGroup section */
		049EF6671B3A9BA600282FD0 /* Main.storyboard */ = {
			isa = PBXVariantGroup;
			children = (
				049EF6681B3A9BA600282FD0 /* Base */,
			);
			name = Main.storyboard;
			sourceTree = "<group>";
		};
		049EF66C1B3A9BA600282FD0 /* LaunchScreen.xib */ = {
			isa = PBXVariantGroup;
			children = (
				049EF66D1B3A9BA600282FD0 /* Base */,
			);
			name = LaunchScreen.xib;
			sourceTree = "<group>";
		};
/* End PBXVariantGroup section */

/* Begin XCBuildConfiguration section */
		049EF67B1B3A9BA600282FD0 /* Debug */ = {
			isa = XCBuildConfiguration;
			buildSettings = {
				ALWAYS_SEARCH_USER_PATHS = NO;
				CLANG_CXX_LANGUAGE_STANDARD = "gnu++0x";
				CLANG_CXX_LIBRARY = "libc++";
				CLANG_ENABLE_MODULES = YES;
				CLANG_ENABLE_OBJC_ARC = YES;
				CLANG_WARN_BOOL_CONVERSION = YES;
				CLANG_WARN_CONSTANT_CONVERSION = YES;
				CLANG_WARN_DIRECT_OBJC_ISA_USAGE = YES_ERROR;
				CLANG_WARN_EMPTY_BODY = YES;
				CLANG_WARN_ENUM_CONVERSION = YES;
				CLANG_WARN_INT_CONVERSION = YES;
				CLANG_WARN_OBJC_ROOT_CLASS = YES_ERROR;
				CLANG_WARN_UNREACHABLE_CODE = YES;
				CLANG_WARN__DUPLICATE_METHOD_MATCH = YES;
				"CODE_SIGN_IDENTITY[sdk=iphoneos*]" = "iPhone Developer";
				COPY_PHASE_STRIP = NO;
				DEBUG_INFORMATION_FORMAT = "dwarf-with-dsym";
				ENABLE_STRICT_OBJC_MSGSEND = YES;
				GCC_C_LANGUAGE_STANDARD = gnu99;
				GCC_DYNAMIC_NO_PIC = NO;
				GCC_NO_COMMON_BLOCKS = YES;
				GCC_OPTIMIZATION_LEVEL = 0;
				GCC_PREPROCESSOR_DEFINITIONS = (
					"DEBUG=1",
					"$(inherited)",
				);
				GCC_SYMBOLS_PRIVATE_EXTERN = NO;
				GCC_WARN_64_TO_32_BIT_CONVERSION = YES;
				GCC_WARN_ABOUT_RETURN_TYPE = YES_ERROR;
				GCC_WARN_UNDECLARED_SELECTOR = YES;
				GCC_WARN_UNINITIALIZED_AUTOS = YES_AGGRESSIVE;
				GCC_WARN_UNUSED_FUNCTION = YES;
				GCC_WARN_UNUSED_VARIABLE = YES;
				IPHONEOS_DEPLOYMENT_TARGET = 8.3;
				MTL_ENABLE_DEBUG_INFO = YES;
				ONLY_ACTIVE_ARCH = YES;
				SDKROOT = iphoneos;
			};
			name = Debug;
		};
		049EF67C1B3A9BA600282FD0 /* Release */ = {
			isa = XCBuildConfiguration;
			buildSettings = {
				ALWAYS_SEARCH_USER_PATHS = NO;
				CLANG_CXX_LANGUAGE_STANDARD = "gnu++0x";
				CLANG_CXX_LIBRARY = "libc++";
				CLANG_ENABLE_MODULES = YES;
				CLANG_ENABLE_OBJC_ARC = YES;
				CLANG_WARN_BOOL_CONVERSION = YES;
				CLANG_WARN_CONSTANT_CONVERSION = YES;
				CLANG_WARN_DIRECT_OBJC_ISA_USAGE = YES_ERROR;
				CLANG_WARN_EMPTY_BODY = YES;
				CLANG_WARN_ENUM_CONVERSION = YES;
				CLANG_WARN_INT_CONVERSION = YES;
				CLANG_WARN_OBJC_ROOT_CLASS = YES_ERROR;
				CLANG_WARN_UNREACHABLE_CODE = YES;
				CLANG_WARN__DUPLICATE_METHOD_MATCH = YES;
				"CODE_SIGN_IDENTITY[sdk=iphoneos*]" = "iPhone Developer";
				COPY_PHASE_STRIP = NO;
				DEBUG_INFORMATION_FORMAT = "dwarf-with-dsym";
				ENABLE_NS_ASSERTIONS = NO;
				ENABLE_STRICT_OBJC_MSGSEND = YES;
				GCC_C_LANGUAGE_STANDARD = gnu99;
				GCC_NO_COMMON_BLOCKS = YES;
				GCC_WARN_64_TO_32_BIT_CONVERSION = YES;
				GCC_WARN_ABOUT_RETURN_TYPE = YES_ERROR;
				GCC_WARN_UNDECLARED_SELECTOR = YES;
				GCC_WARN_UNINITIALIZED_AUTOS = YES_AGGRESSIVE;
				GCC_WARN_UNUSED_FUNCTION = YES;
				GCC_WARN_UNUSED_VARIABLE = YES;
				IPHONEOS_DEPLOYMENT_TARGET = 8.3;
				MTL_ENABLE_DEBUG_INFO = NO;
				SDKROOT = iphoneos;
				VALIDATE_PRODUCT = YES;
			};
			name = Release;
		};
		049EF67E1B3A9BA600282FD0 /* Debug */ = {
			isa = XCBuildConfiguration;
			buildSettings = {
				ASSETCATALOG_COMPILER_APPICON_NAME = AppIcon;
				INFOPLIST_FILE = app2/Info.plist;
				LD_RUNPATH_SEARCH_PATHS = "$(inherited) @executable_path/Frameworks";
				PRODUCT_NAME = "$(TARGET_NAME)";
			};
			name = Debug;
		};
		049EF67F1B3A9BA600282FD0 /* Release */ = {
			isa = XCBuildConfiguration;
			buildSettings = {
				ASSETCATALOG_COMPILER_APPICON_NAME = AppIcon;
				INFOPLIST_FILE = app2/Info.plist;
				LD_RUNPATH_SEARCH_PATHS = "$(inherited) @executable_path/Frameworks";
				PRODUCT_NAME = "$(TARGET_NAME)";
			};
			name = Release;
		};
		049EF6811B3A9BA600282FD0 /* Debug */ = {
			isa = XCBuildConfiguration;
			buildSettings = {
				BUNDLE_LOADER = "$(TEST_HOST)";
				FRAMEWORK_SEARCH_PATHS = (
					"$(SDKROOT)/Developer/Library/Frameworks",
					"$(inherited)",
				);
				GCC_PREPROCESSOR_DEFINITIONS = (
					"DEBUG=1",
					"$(inherited)",
				);
				INFOPLIST_FILE = app2Tests/Info.plist;
				LD_RUNPATH_SEARCH_PATHS = "$(inherited) @executable_path/Frameworks @loader_path/Frameworks";
				PRODUCT_NAME = "$(TARGET_NAME)";
				TEST_HOST = "$(BUILT_PRODUCTS_DIR)/app2.app/app2";
			};
			name = Debug;
		};
		049EF6821B3A9BA600282FD0 /* Release */ = {
			isa = XCBuildConfiguration;
			buildSettings = {
				BUNDLE_LOADER = "$(TEST_HOST)";
				FRAMEWORK_SEARCH_PATHS = (
					"$(SDKROOT)/Developer/Library/Frameworks",
					"$(inherited)",
				);
				INFOPLIST_FILE = app2Tests/Info.plist;
				LD_RUNPATH_SEARCH_PATHS = "$(inherited) @executable_path/Frameworks @loader_path/Frameworks";
				PRODUCT_NAME = "$(TARGET_NAME)";
				TEST_HOST = "$(BUILT_PRODUCTS_DIR)/app2.app/app2";
			};
			name = Release;
		};
/* End XCBuildConfiguration section */

/* Begin XCConfigurationList section */
		049EF6551B3A9BA600282FD0 /* Build configuration list for PBXProject "app2" */ = {
			isa = XCConfigurationList;
			buildConfigurations = (
				049EF67B1B3A9BA600282FD0 /* Debug */,
				049EF67C1B3A9BA600282FD0 /* Release */,
			);
			defaultConfigurationIsVisible = 0;
			defaultConfigurationName = Release;
		};
		049EF67D1B3A9BA600282FD0 /* Build configuration list for PBXNativeTarget "app2" */ = {
			isa = XCConfigurationList;
			buildConfigurations = (
				049EF67E1B3A9BA600282FD0 /* Debug */,
				049EF67F1B3A9BA600282FD0 /* Release */,
			);
			defaultConfigurationIsVisible = 0;
		};
		049EF6801B3A9BA600282FD0 /* Build configuration list for PBXNativeTarget "app2Tests" */ = {
			isa = XCConfigurationList;
			buildConfigurations = (
				049EF6811B3A9BA600282FD0 /* Debug */,
				049EF6821B3A9BA600282FD0 /* Release */,
			);
			defaultConfigurationIsVisible = 0;
		};
/* End XCConfigurationList section */
	};
	rootObject = 049EF6521B3A9BA600282FD0 /* Project object */;
}
